
Microsoft Visual Studio Solution File, Format Version 12.00
# Visual Studio Version 17
VisualStudioVersion = 17.7.34031.279
MinimumVisualStudioVersion = 10.0.40219.1
Project("{FAE04EC0-301F-11D3-BF4B-00C04F79EFBC}") = "tryconnect", "tryconnect\tryconnect.csproj", "{29F9212C-DD40-46C9-B35C-78FF12D066BB}"
EndProject
Global
	GlobalSection(SolutionConfigurationPlatforms) = preSolution
		Debug|Any CPU = Debug|Any CPU
		Release|Any CPU = Release|Any CPU
	EndGlobalSection
	GlobalSection(ProjectConfigurationPlatforms) = postSolution
		{29F9212C-DD40-46C9-B35C-78FF12D066BB}.Debug|Any CPU.ActiveCfg = Debug|Any CPU
		{29F9212C-DD40-46C9-B35C-78FF12D066BB}.Debug|Any CPU.Build.0 = Debug|Any CPU
		{29F9212C-DD40-46C9-B35C-78FF12D066BB}.Release|Any CPU.ActiveCfg = Release|Any CPU
		{29F9212C-DD40-46C9-B35C-78FF12D066BB}.Release|Any CPU.Build.0 = Release|Any CPU
	EndGlobalSection
	GlobalSection(SolutionProperties) = preSolution
		HideSolutionNode = FALSE
	EndGlobalSection
	GlobalSection(ExtensibilityGlobals) = postSolution
		SolutionGuid = {175B435F-7B34-4169-9528-8A862EA71C5B}
	EndGlobalSection
EndGlobal
